{
  "object": {
    "pins": [
      {
        "package": "BinarySwiftAST",
        "repositoryURL": "git@github.com:App-Maker-Software/BinarySwiftAST.git",
        "state": {
          "branch": null,
          "revision": "8eb7ab7613d5e384692a8cba15dc90abd3287137",
          "version": "0.50500.0"
        }
      },
      {
        "package": "Files",
        "repositoryURL": "https://github.com/johnsundell/files.git",
        "state": {
          "branch": null,
          "revision": "d273b5b7025d386feef79ef6bad7de762e106eaf",
          "version": "4.2.0"
        }
      },
      {
        "package": "swift-argument-parser",
        "repositoryURL": "https://github.com/apple/swift-argument-parser.git",
        "state": {
          "branch": null,
          "revision": "d2930e8fcf9c33162b9fcc1d522bc975e2d4179b",
          "version": "1.0.1"
        }
      },
      {
        "package": "SwiftSyntax",
        "repositoryURL": "https://github.com/apple/swift-syntax.git",
        "state": {
          "branch": null,
          "revision": "75e60475d9d8fd5bbc16a12e0eaa2cb01b0c322e",
          "version": "0.50500.0"
        }
      }
    ]
  },
  "version": 1
}
