// !$*UTF8*$!
{
	archiveVersion = 1;
	classes = {
	};
	objectVersion = 55;
	objects = {

/* Begin PBXBuildFile section */
		D8EC96442701441600BA1EEB /* SwiftASTCLI.swift in Sources */ = {isa = PBXBuildFile; fileRef = D8EC96432701441600BA1EEB /* SwiftASTCLI.swift */; };
		D8EC964C2701454A00BA1EEB /* BinarySwiftASTConstructor in Frameworks */ = {isa = PBXBuildFile; productRef = D8EC964B2701454A00BA1EEB /* BinarySwiftASTConstructor */; };
		D8EC964F2701457F00BA1EEB /* ArgumentParser in Frameworks */ = {isa = PBXBuildFile; productRef = D8EC964E2701457F00BA1EEB /* ArgumentParser */; };
		D8EC96522701461800BA1EEB /* lib_InternalSwiftSyntaxParser.dylib in Frameworks */ = {isa = PBXBuildFile; fileRef = D8EC96512701461800BA1EEB /* lib_InternalSwiftSyntaxParser.dylib */; };
		D8EC96532701461900BA1EEB /* lib_InternalSwiftSyntaxParser.dylib in Embed Libraries */ = {isa = PBXBuildFile; fileRef = D8EC96512701461800BA1EEB /* lib_InternalSwiftSyntaxParser.dylib */; settings = {ATTRIBUTES = (CodeSignOnCopy, ); }; };
/* End PBXBuildFile section */

/* Begin PBXCopyFilesBuildPhase section */
		D8EC963E2701441600BA1EEB /* CopyFiles */ = {
			isa = PBXCopyFilesBuildPhase;
			buildActionMask = 2147483647;
			dstPath = /usr/share/man/man1/;
			dstSubfolderSpec = 0;
			files = (
			);
			runOnlyForDeploymentPostprocessing = 1;
		};
		D8EC96542701461900BA1EEB /* Embed Libraries */ = {
			isa = PBXCopyFilesBuildPhase;
			buildActionMask = 2147483647;
			dstPath = "";
			dstSubfolderSpec = 10;
			files = (
				D8EC96532701461900BA1EEB /* lib_InternalSwiftSyntaxParser.dylib in Embed Libraries */,
			);
			name = "Embed Libraries";
			runOnlyForDeploymentPostprocessing = 0;
		};
/* End PBXCopyFilesBuildPhase section */

/* Begin PBXFileReference section */
		D8EC96402701441600BA1EEB /* SwiftASTCLI */ = {isa = PBXFileReference; explicitFileType = "compiled.mach-o.executable"; includeInIndex = 0; path = SwiftASTCLI; sourceTree = BUILT_PRODUCTS_DIR; };
		D8EC96432701441600BA1EEB /* SwiftASTCLI.swift */ = {isa = PBXFileReference; lastKnownFileType = sourcecode.swift; path = SwiftASTCLI.swift; sourceTree = "<group>"; };
		D8EC96512701461800BA1EEB /* lib_InternalSwiftSyntaxParser.dylib */ = {isa = PBXFileReference; lastKnownFileType = "compiled.mach-o.dylib"; path = lib_InternalSwiftSyntaxParser.dylib; sourceTree = "<group>"; };
/* End PBXFileReference section */

/* Begin PBXFrameworksBuildPhase section */
		D8EC963D2701441600BA1EEB /* Frameworks */ = {
			isa = PBXFrameworksBuildPhase;
			buildActionMask = 2147483647;
			files = (
				D8EC964F2701457F00BA1EEB /* ArgumentParser in Frameworks */,
				D8EC96522701461800BA1EEB /* lib_InternalSwiftSyntaxParser.dylib in Frameworks */,
				D8EC964C2701454A00BA1EEB /* BinarySwiftASTConstructor in Frameworks */,
			);
			runOnlyForDeploymentPostprocessing = 0;
		};
/* End PBXFrameworksBuildPhase section */

/* Begin PBXGroup section */
		D8EC96372701441600BA1EEB = {
			isa = PBXGroup;
			children = (
				D8EC96422701441600BA1EEB /* SwiftASTCLI */,
				D8EC96412701441600BA1EEB /* Products */,
				D8EC96502701461800BA1EEB /* Frameworks */,
			);
			sourceTree = "<group>";
		};
		D8EC96412701441600BA1EEB /* Products */ = {
			isa = PBXGroup;
			children = (
				D8EC96402701441600BA1EEB /* SwiftASTCLI */,
			);
			name = Products;
			sourceTree = "<group>";
		};
		D8EC96422701441600BA1EEB /* SwiftASTCLI */ = {
			isa = PBXGroup;
			children = (
				D8EC96432701441600BA1EEB /* SwiftASTCLI.swift */,
			);
			path = SwiftASTCLI;
			sourceTree = "<group>";
		};
		D8EC96502701461800BA1EEB /* Frameworks */ = {
			isa = PBXGroup;
			children = (
				D8EC96512701461800BA1EEB /* lib_InternalSwiftSyntaxParser.dylib */,
			);
			name = Frameworks;
			sourceTree = "<group>";
		};
/* End PBXGroup section */

/* Begin PBXNativeTarget section */
		D8EC963F2701441600BA1EEB /* SwiftASTCLI */ = {
			isa = PBXNativeTarget;
			buildConfigurationList = D8EC96472701441600BA1EEB /* Build configuration list for PBXNativeTarget "SwiftASTCLI" */;
			buildPhases = (
				D8EC963C2701441600BA1EEB /* Sources */,
				D8EC963D2701441600BA1EEB /* Frameworks */,
				D8EC963E2701441600BA1EEB /* CopyFiles */,
				D8EC96542701461900BA1EEB /* Embed Libraries */,
			);
			buildRules = (
			);
			dependencies = (
			);
			name = SwiftASTCLI;
			packageProductDependencies = (
				D8EC964B2701454A00BA1EEB /* BinarySwiftASTConstructor */,
				D8EC964E2701457F00BA1EEB /* ArgumentParser */,
			);
			productName = SwiftASTCLI;
			productReference = D8EC96402701441600BA1EEB /* SwiftASTCLI */;
			productType = "com.apple.product-type.tool";
		};
/* End PBXNativeTarget section */

/* Begin PBXProject section */
		D8EC96382701441600BA1EEB /* Project object */ = {
			isa = PBXProject;
			attributes = {
				BuildIndependentTargetsInParallel = 1;
				LastSwiftUpdateCheck = 1300;
				LastUpgradeCheck = 1300;
				TargetAttributes = {
					D8EC963F2701441600BA1EEB = {
						CreatedOnToolsVersion = 13.0;
					};
				};
			};
			buildConfigurationList = D8EC963B2701441600BA1EEB /* Build configuration list for PBXProject "SwiftASTCLI" */;
			compatibilityVersion = "Xcode 13.0";
			developmentRegion = en;
			hasScannedForEncodings = 0;
			knownRegions = (
				en,
				Base,
			);
			mainGroup = D8EC96372701441600BA1EEB;
			packageReferences = (
				D8EC964A2701454A00BA1EEB /* XCRemoteSwiftPackageReference "BinarySwiftAST" */,
				D8EC964D2701457F00BA1EEB /* XCRemoteSwiftPackageReference "swift-argument-parser" */,
			);
			productRefGroup = D8EC96412701441600BA1EEB /* Products */;
			projectDirPath = "";
			projectRoot = "";
			targets = (
				D8EC963F2701441600BA1EEB /* SwiftASTCLI */,
			);
		};
/* End PBXProject section */

/* Begin PBXSourcesBuildPhase section */
		D8EC963C2701441600BA1EEB /* Sources */ = {
			isa = PBXSourcesBuildPhase;
			buildActionMask = 2147483647;
			files = (
				D8EC96442701441600BA1EEB /* SwiftASTCLI.swift in Sources */,
			);
			runOnlyForDeploymentPostprocessing = 0;
		};
/* End PBXSourcesBuildPhase section */

/* Begin XCBuildConfiguration section */
		D8EC96452701441600BA1EEB /* Debug */ = {
			isa = XCBuildConfiguration;
			buildSettings = {
				ALWAYS_SEARCH_USER_PATHS = NO;
				CLANG_ANALYZER_NONNULL = YES;
				CLANG_ANALYZER_NUMBER_OBJECT_CONVERSION = YES_AGGRESSIVE;
				CLANG_CXX_LANGUAGE_STANDARD = "gnu++17";
				CLANG_CXX_LIBRARY = "libc++";
				CLANG_ENABLE_MODULES = YES;
				CLANG_ENABLE_OBJC_ARC = YES;
				CLANG_ENABLE_OBJC_WEAK = YES;
				CLANG_WARN_BLOCK_CAPTURE_AUTORELEASING = YES;
				CLANG_WARN_BOOL_CONVERSION = YES;
				CLANG_WARN_COMMA = YES;
				CLANG_WARN_CONSTANT_CONVERSION = YES;
				CLANG_WARN_DEPRECATED_OBJC_IMPLEMENTATIONS = YES;
				CLANG_WARN_DIRECT_OBJC_ISA_USAGE = YES_ERROR;
				CLANG_WARN_DOCUMENTATION_COMMENTS = YES;
				CLANG_WARN_EMPTY_BODY = YES;
				CLANG_WARN_ENUM_CONVERSION = YES;
				CLANG_WARN_INFINITE_RECURSION = YES;
				CLANG_WARN_INT_CONVERSION = YES;
				CLANG_WARN_NON_LITERAL_NULL_CONVERSION = YES;
				CLANG_WARN_OBJC_IMPLICIT_RETAIN_SELF = YES;
				CLANG_WARN_OBJC_LITERAL_CONVERSION = YES;
				CLANG_WARN_OBJC_ROOT_CLASS = YES_ERROR;
				CLANG_WARN_QUOTED_INCLUDE_IN_FRAMEWORK_HEADER = YES;
				CLANG_WARN_RANGE_LOOP_ANALYSIS = YES;
				CLANG_WARN_STRICT_PROTOTYPES = YES;
				CLANG_WARN_SUSPICIOUS_MOVE = YES;
				CLANG_WARN_UNGUARDED_AVAILABILITY = YES_AGGRESSIVE;
				CLANG_WARN_UNREACHABLE_CODE = YES;
				CLANG_WARN__DUPLICATE_METHOD_MATCH = YES;
				COPY_PHASE_STRIP = NO;
				DEBUG_INFORMATION_FORMAT = dwarf;
				ENABLE_STRICT_OBJC_MSGSEND = YES;
				ENABLE_TESTABILITY = YES;
				GCC_C_LANGUAGE_STANDARD = gnu11;
				GCC_DYNAMIC_NO_PIC = NO;
				GCC_NO_COMMON_BLOCKS = YES;
				GCC_OPTIMIZATION_LEVEL = 0;
				GCC_PREPROCESSOR_DEFINITIONS = (
					"DEBUG=1",
					"$(inherited)",
				);
				GCC_WARN_64_TO_32_BIT_CONVERSION = YES;
				GCC_WARN_ABOUT_RETURN_TYPE = YES_ERROR;
				GCC_WARN_UNDECLARED_SELECTOR = YES;
				GCC_WARN_UNINITIALIZED_AUTOS = YES_AGGRESSIVE;
				GCC_WARN_UNUSED_FUNCTION = YES;
				GCC_WARN_UNUSED_VARIABLE = YES;
				MACOSX_DEPLOYMENT_TARGET = 11.3;
				MTL_ENABLE_DEBUG_INFO = INCLUDE_SOURCE;
				MTL_FAST_MATH = YES;
				ONLY_ACTIVE_ARCH = YES;
				SDKROOT = macosx;
				SWIFT_ACTIVE_COMPILATION_CONDITIONS = DEBUG;
				SWIFT_OPTIMIZATION_LEVEL = "-Onone";
			};
			name = Debug;
		};
		D8EC96462701441600BA1EEB /* Release */ = {
			isa = XCBuildConfiguration;
			buildSettings = {
				ALWAYS_SEARCH_USER_PATHS = NO;
				CLANG_ANALYZER_NONNULL = YES;
				CLANG_ANALYZER_NUMBER_OBJECT_CONVERSION = YES_AGGRESSIVE;
				CLANG_CXX_LANGUAGE_STANDARD = "gnu++17";
				CLANG_CXX_LIBRARY = "libc++";
				CLANG_ENABLE_MODULES = YES;
				CLANG_ENABLE_OBJC_ARC = YES;
				CLANG_ENABLE_OBJC_WEAK = YES;
				CLANG_WARN_BLOCK_CAPTURE_AUTORELEASING = YES;
				CLANG_WARN_BOOL_CONVERSION = YES;
				CLANG_WARN_COMMA = YES;
				CLANG_WARN_CONSTANT_CONVERSION = YES;
				CLANG_WARN_DEPRECATED_OBJC_IMPLEMENTATIONS = YES;
				CLANG_WARN_DIRECT_OBJC_ISA_USAGE = YES_ERROR;
				CLANG_WARN_DOCUMENTATION_COMMENTS = YES;
				CLANG_WARN_EMPTY_BODY = YES;
				CLANG_WARN_ENUM_CONVERSION = YES;
				CLANG_WARN_INFINITE_RECURSION = YES;
				CLANG_WARN_INT_CONVERSION = YES;
				CLANG_WARN_NON_LITERAL_NULL_CONVERSION = YES;
				CLANG_WARN_OBJC_IMPLICIT_RETAIN_SELF = YES;
				CLANG_WARN_OBJC_LITERAL_CONVERSION = YES;
				CLANG_WARN_OBJC_ROOT_CLASS = YES_ERROR;
				CLANG_WARN_QUOTED_INCLUDE_IN_FRAMEWORK_HEADER = YES;
				CLANG_WARN_RANGE_LOOP_ANALYSIS = YES;
				CLANG_WARN_STRICT_PROTOTYPES = YES;
				CLANG_WARN_SUSPICIOUS_MOVE = YES;
				CLANG_WARN_UNGUARDED_AVAILABILITY = YES_AGGRESSIVE;
				CLANG_WARN_UNREACHABLE_CODE = YES;
				CLANG_WARN__DUPLICATE_METHOD_MATCH = YES;
				COPY_PHASE_STRIP = NO;
				DEBUG_INFORMATION_FORMAT = "dwarf-with-dsym";
				ENABLE_NS_ASSERTIONS = NO;
				ENABLE_STRICT_OBJC_MSGSEND = YES;
				GCC_C_LANGUAGE_STANDARD = gnu11;
				GCC_NO_COMMON_BLOCKS = YES;
				GCC_WARN_64_TO_32_BIT_CONVERSION = YES;
				GCC_WARN_ABOUT_RETURN_TYPE = YES_ERROR;
				GCC_WARN_UNDECLARED_SELECTOR = YES;
				GCC_WARN_UNINITIALIZED_AUTOS = YES_AGGRESSIVE;
				GCC_WARN_UNUSED_FUNCTION = YES;
				GCC_WARN_UNUSED_VARIABLE = YES;
				MACOSX_DEPLOYMENT_TARGET = 11.3;
				MTL_ENABLE_DEBUG_INFO = NO;
				MTL_FAST_MATH = YES;
				SDKROOT = macosx;
				SWIFT_COMPILATION_MODE = wholemodule;
				SWIFT_OPTIMIZATION_LEVEL = "-O";
			};
			name = Release;
		};
		D8EC96482701441600BA1EEB /* Debug */ = {
			isa = XCBuildConfiguration;
			buildSettings = {
				CODE_SIGN_STYLE = Automatic;
				DEVELOPMENT_TEAM = AXLLPXN4H6;
				ENABLE_HARDENED_RUNTIME = YES;
				LD_RUNPATH_SEARCH_PATHS = "@executable_path";
				LIBRARY_SEARCH_PATHS = (
					"$(inherited)",
					"$(PROJECT_DIR)",
				);
				PRODUCT_NAME = "$(TARGET_NAME)";
				SWIFT_VERSION = 5.0;
			};
			name = Debug;
		};
		D8EC96492701441600BA1EEB /* Release */ = {
			isa = XCBuildConfiguration;
			buildSettings = {
				CODE_SIGN_STYLE = Automatic;
				DEVELOPMENT_TEAM = AXLLPXN4H6;
				ENABLE_HARDENED_RUNTIME = YES;
				LD_RUNPATH_SEARCH_PATHS = "@executable_path";
				LIBRARY_SEARCH_PATHS = (
					"$(inherited)",
					"$(PROJECT_DIR)",
				);
				PRODUCT_NAME = "$(TARGET_NAME)";
				SWIFT_VERSION = 5.0;
			};
			name = Release;
		};
/* End XCBuildConfiguration section */

/* Begin XCConfigurationList section */
		D8EC963B2701441600BA1EEB /* Build configuration list for PBXProject "SwiftASTCLI" */ = {
			isa = XCConfigurationList;
			buildConfigurations = (
				D8EC96452701441600BA1EEB /* Debug */,
				D8EC96462701441600BA1EEB /* Release */,
			);
			defaultConfigurationIsVisible = 0;
			defaultConfigurationName = Release;
		};
		D8EC96472701441600BA1EEB /* Build configuration list for PBXNativeTarget "SwiftASTCLI" */ = {
			isa = XCConfigurationList;
			buildConfigurations = (
				D8EC96482701441600BA1EEB /* Debug */,
				D8EC96492701441600BA1EEB /* Release */,
			);
			defaultConfigurationIsVisible = 0;
			defaultConfigurationName = Release;
		};
/* End XCConfigurationList section */

/* Begin XCRemoteSwiftPackageReference section */
		D8EC964A2701454A00BA1EEB /* XCRemoteSwiftPackageReference "BinarySwiftAST" */ = {
			isa = XCRemoteSwiftPackageReference;
			repositoryURL = "git@github.com:App-Maker-Software/BinarySwiftAST.git";
			requirement = {
				kind = exactVersion;
				version = 0.50500.0;
			};
		};
		D8EC964D2701457F00BA1EEB /* XCRemoteSwiftPackageReference "swift-argument-parser" */ = {
			isa = XCRemoteSwiftPackageReference;
			repositoryURL = "https://github.com/apple/swift-argument-parser.git";
			requirement = {
				kind = upToNextMajorVersion;
				minimumVersion = 1.0.0;
			};
		};
/* End XCRemoteSwiftPackageReference section */

/* Begin XCSwiftPackageProductDependency section */
		D8EC964B2701454A00BA1EEB /* BinarySwiftASTConstructor */ = {
			isa = XCSwiftPackageProductDependency;
			package = D8EC964A2701454A00BA1EEB /* XCRemoteSwiftPackageReference "BinarySwiftAST" */;
			productName = BinarySwiftASTConstructor;
		};
		D8EC964E2701457F00BA1EEB /* ArgumentParser */ = {
			isa = XCSwiftPackageProductDependency;
			package = D8EC964D2701457F00BA1EEB /* XCRemoteSwiftPackageReference "swift-argument-parser" */;
			productName = ArgumentParser;
		};
/* End XCSwiftPackageProductDependency section */
	};
	rootObject = D8EC96382701441600BA1EEB /* Project object */;
}
